
Microsoft Visual Studio Solution File, Format Version 12.00
# Visual Studio Version 17
VisualStudioVersion = 17.8.34525.116
MinimumVisualStudioVersion = 10.0.40219.1
Project("{9A19103F-16F7-4668-BE54-9A1E7A4F7556}") = "BlazorMovieLive", "BlazorMovieLive\BlazorMovieLive.csproj", "{7653BEE3-EFE8-4E68-9A3F-B3CBCAE289B9}"
EndProject
Global
	GlobalSection(SolutionConfigurationPlatforms) = preSolution
		Debug|Any CPU = Debug|Any CPU
		Release|Any CPU = Release|Any CPU
	EndGlobalSection
	GlobalSection(ProjectConfigurationPlatforms) = postSolution
		{7653BEE3-EFE8-4E68-9A3F-B3CBCAE289B9}.Debug|Any CPU.ActiveCfg = Debug|Any CPU
		{7653BEE3-EFE8-4E68-9A3F-B3CBCAE289B9}.Debug|Any CPU.Build.0 = Debug|Any CPU
		{7653BEE3-EFE8-4E68-9A3F-B3CBCAE289B9}.Release|Any CPU.ActiveCfg = Release|Any CPU
		{7653BEE3-EFE8-4E68-9A3F-B3CBCAE289B9}.Release|Any CPU.Build.0 = Release|Any CPU
	EndGlobalSection
	GlobalSection(SolutionProperties) = preSolution
		HideSolutionNode = FALSE
	EndGlobalSection
	GlobalSection(ExtensibilityGlobals) = postSolution
		SolutionGuid = {974E84FC-3D53-41A5-A00C-67AC6E41663C}
	EndGlobalSection
EndGlobal
